{
    "_meta": {
        "hash": {
            "sha256": "860f24f9d0674a2484bbcdc92e4f745b553efb44f6a7981fbe53ed58dba047fc"
        },
        "host-environment-markers": {
            "implementation_name": "cpython",
            "implementation_version": "0",
            "os_name": "posix",
            "platform_machine": "x86_64",
            "platform_python_implementation": "CPython",
            "platform_release": "4.4.0-97-generic",
            "platform_system": "Linux",
            "platform_version": "#120-Ubuntu SMP Tue Sep 19 17:28:18 UTC 2017",
            "python_full_version": "2.7.12",
            "python_version": "2.7",
            "sys_platform": "linux2"
        },
        "pipfile-spec": 3,
        "requires": {},
        "sources": [
            {
                "url": "https://pypi.python.org/simple",
                "verify_ssl": true
            }
        ]
    },
    "default": {
        "cheroot": {
            "hashes": [
                "sha256:c04fb330607221497678aac97fde082ecc63f34262a0d43d90e2b1ca7a662616",
                "sha256:5c0531fd732700b1fb3e6e7079dc3aefbdf29e9136925633d93f009cb87d70a3"
            ],
            "version": "==5.8.3"
        },
        "cherrypy": {
            "hashes": [
                "sha256:fb0bb9bc47924d6ab5d547ad7a916c6039eb71eef311cd6677b36c708ebdbefc",
                "sha256:2131a96120baede76873b0b5a7d1df0bebb21ab3e01a579ccc6a6f5844918664"
            ],
            "version": "==11.1.0"
        },
        "jaraco.classes": {
            "hashes": [
                "sha256:a01e2a1199b09d90169674f56f93766d2b49821424f0032d013ad77bf73d9ae9",
                "sha256:e347f2b502521bfc35c57ab4695e8b6d7371625c392a0ca0d46742ee93359d3e"
            ],
            "version": "==1.4.3"
        },
        "portend": {
            "hashes": [
                "sha256:99c265340a5bb46a037c0bbc76556416d7eef47f87ea0f1f6c0f9185b6faf154",
                "sha256:bc48d3d99e1eaf2e9406c729f8848bfdaf87876cd3560dc3ec6c16714f529586"
            ],
            "version": "==2.2"
        },
        "pytz": {
            "hashes": [
                "sha256:80af0f3008046b9975242012a985f04c5df1f01eed4ec1633d56cc47a75a6a48",
                "sha256:feb2365914948b8620347784b6b6da356f31c9d03560259070b2f30cff3d469d",
                "sha256:59707844a9825589878236ff2f4e0dc9958511b7ffaae94dc615da07d4a68d33",
                "sha256:d0ef5ef55ed3d37854320d4926b04a4cb42a2e88f71da9ddfdacfde8e364f027",
                "sha256:c41c62827ce9cafacd6f2f7018e4f83a6f1986e87bfd000b8cfbd4ab5da95f1a",
                "sha256:8cc90340159b5d7ced6f2ba77694d946fc975b09f1a51d93f3ce3bb399396f94",
                "sha256:dd2e4ca6ce3785c8dd342d1853dd9052b19290d5bf66060846e5dc6b8d6667f7",
                "sha256:699d18a2a56f19ee5698ab1123bbcc1d269d061996aeb1eda6d89248d3542b82",
                "sha256:fae4cffc040921b8a2d60c6cf0b5d662c1190fe54d718271db4eb17d44a185b7"
            ],
            "version": "==2017.3"
        },
        "six": {
            "hashes": [
                "sha256:832dc0e10feb1aa2c68dcc57dbb658f1c7e65b9b61af69048abc87a2db00a0eb",
                "sha256:70e8a77beed4562e7f14fe23a786b54f6296e34344c23bc42f07b15018ff98e9"
            ],
            "version": "==1.11.0"
        },
        "tempora": {
            "hashes": [
                "sha256:0585dfc04d9ce2bb79665cf7b91cc421dd22600da479091628c3fcc3a37f1074",
                "sha256:9ea980c63be54f83d2a466fccc6eeef96a409f74c5034764fb328b0d43247e96"
            ],
            "version": "==1.9"
        }
    },
    "develop": {}
}
